
Microsoft Visual Studio Solution File, Format Version 12.00
# Visual Studio Version 17
VisualStudioVersion = 17.13.35825.156 d17.13
MinimumVisualStudioVersion = 10.0.40219.1
Project("{FAE04EC0-301F-11D3-BF4B-00C04F79EFBC}") = "tp_mod_8_103022300056", "tp_mod_8_103022300056\tp_mod_8_103022300056.csproj", "{859A2DED-D7A0-475C-81F8-1253904A5150}"
EndProject
Global
	GlobalSection(SolutionConfigurationPlatforms) = preSolution
		Debug|Any CPU = Debug|Any CPU
		Release|Any CPU = Release|Any CPU
	EndGlobalSection
	GlobalSection(ProjectConfigurationPlatforms) = postSolution
		{859A2DED-D7A0-475C-81F8-1253904A5150}.Debug|Any CPU.ActiveCfg = Debug|Any CPU
		{859A2DED-D7A0-475C-81F8-1253904A5150}.Debug|Any CPU.Build.0 = Debug|Any CPU
		{859A2DED-D7A0-475C-81F8-1253904A5150}.Release|Any CPU.ActiveCfg = Release|Any CPU
		{859A2DED-D7A0-475C-81F8-1253904A5150}.Release|Any CPU.Build.0 = Release|Any CPU
	EndGlobalSection
	GlobalSection(SolutionProperties) = preSolution
		HideSolutionNode = FALSE
	EndGlobalSection
	GlobalSection(ExtensibilityGlobals) = postSolution
		SolutionGuid = {83823060-7828-4923-BE93-CA50ECA66314}
	EndGlobalSection
EndGlobal
